
Microsoft Visual Studio Solution File, Format Version 12.00
# Visual Studio 15
Project("{D954291E-2A0B-460D-934E-DC6B0785DB48}") = "emergenseat", "emergenseat\emergenseat.shproj", "{C028F5A1-39E3-4C22-8817-A535ED757579}"
EndProject
Project("{FAE04EC0-301F-11D3-BF4B-00C04F79EFBC}") = "emergenseat.iOS", "iOS\emergenseat.iOS.csproj", "{AE746F97-88F8-44D8-A49A-B4FF4863FC27}"
EndProject
Project("{FAE04EC0-301F-11D3-BF4B-00C04F79EFBC}") = "emergenseat.Droid", "Droid\emergenseat.Droid.csproj", "{C449E6C1-1C89-4D8F-A7CC-FC76266CA99D}"
EndProject
Project("{FAE04EC0-301F-11D3-BF4B-00C04F79EFBC}") = "unittests", "unittests\unittests.csproj", "{DA18DF2F-D6CA-4CFF-99D8-4A6FDEB3D74F}"
EndProject
Global
	GlobalSection(SolutionConfigurationPlatforms) = preSolution
		Debug|iPhoneSimulator = Debug|iPhoneSimulator
		Release|iPhone = Release|iPhone
		Release|iPhoneSimulator = Release|iPhoneSimulator
		Debug|iPhone = Debug|iPhone
		Debug|Any CPU = Debug|Any CPU
		Release|Any CPU = Release|Any CPU
	EndGlobalSection
	GlobalSection(ProjectConfigurationPlatforms) = postSolution
		{AE746F97-88F8-44D8-A49A-B4FF4863FC27}.Debug|iPhoneSimulator.ActiveCfg = Debug|iPhoneSimulator
		{AE746F97-88F8-44D8-A49A-B4FF4863FC27}.Debug|iPhoneSimulator.Build.0 = Debug|iPhoneSimulator
		{AE746F97-88F8-44D8-A49A-B4FF4863FC27}.Release|iPhone.ActiveCfg = Release|iPhone
		{AE746F97-88F8-44D8-A49A-B4FF4863FC27}.Release|iPhone.Build.0 = Release|iPhone
		{AE746F97-88F8-44D8-A49A-B4FF4863FC27}.Release|iPhoneSimulator.ActiveCfg = Release|iPhoneSimulator
		{AE746F97-88F8-44D8-A49A-B4FF4863FC27}.Release|iPhoneSimulator.Build.0 = Release|iPhoneSimulator
		{AE746F97-88F8-44D8-A49A-B4FF4863FC27}.Debug|iPhone.ActiveCfg = Debug|iPhone
		{AE746F97-88F8-44D8-A49A-B4FF4863FC27}.Debug|iPhone.Build.0 = Debug|iPhone
		{AE746F97-88F8-44D8-A49A-B4FF4863FC27}.Debug|Any CPU.ActiveCfg = Debug|iPhoneSimulator
		{AE746F97-88F8-44D8-A49A-B4FF4863FC27}.Debug|Any CPU.Build.0 = Debug|iPhoneSimulator
		{AE746F97-88F8-44D8-A49A-B4FF4863FC27}.Release|Any CPU.ActiveCfg = Release|iPhone
		{AE746F97-88F8-44D8-A49A-B4FF4863FC27}.Release|Any CPU.Build.0 = Release|iPhone
		{C449E6C1-1C89-4D8F-A7CC-FC76266CA99D}.Debug|iPhoneSimulator.ActiveCfg = Debug|Any CPU
		{C449E6C1-1C89-4D8F-A7CC-FC76266CA99D}.Debug|iPhoneSimulator.Build.0 = Debug|Any CPU
		{C449E6C1-1C89-4D8F-A7CC-FC76266CA99D}.Release|iPhone.ActiveCfg = Release|Any CPU
		{C449E6C1-1C89-4D8F-A7CC-FC76266CA99D}.Release|iPhone.Build.0 = Release|Any CPU
		{C449E6C1-1C89-4D8F-A7CC-FC76266CA99D}.Release|iPhoneSimulator.ActiveCfg = Release|Any CPU
		{C449E6C1-1C89-4D8F-A7CC-FC76266CA99D}.Release|iPhoneSimulator.Build.0 = Release|Any CPU
		{C449E6C1-1C89-4D8F-A7CC-FC76266CA99D}.Debug|iPhone.ActiveCfg = Debug|Any CPU
		{C449E6C1-1C89-4D8F-A7CC-FC76266CA99D}.Debug|iPhone.Build.0 = Debug|Any CPU
		{C449E6C1-1C89-4D8F-A7CC-FC76266CA99D}.Debug|Any CPU.ActiveCfg = Debug|Any CPU
		{C449E6C1-1C89-4D8F-A7CC-FC76266CA99D}.Debug|Any CPU.Build.0 = Debug|Any CPU
		{C449E6C1-1C89-4D8F-A7CC-FC76266CA99D}.Release|Any CPU.ActiveCfg = Release|Any CPU
		{C449E6C1-1C89-4D8F-A7CC-FC76266CA99D}.Release|Any CPU.Build.0 = Release|Any CPU
		{DA18DF2F-D6CA-4CFF-99D8-4A6FDEB3D74F}.Debug|iPhoneSimulator.ActiveCfg = Debug|Any CPU
		{DA18DF2F-D6CA-4CFF-99D8-4A6FDEB3D74F}.Debug|iPhoneSimulator.Build.0 = Debug|Any CPU
		{DA18DF2F-D6CA-4CFF-99D8-4A6FDEB3D74F}.Release|iPhone.ActiveCfg = Release|Any CPU
		{DA18DF2F-D6CA-4CFF-99D8-4A6FDEB3D74F}.Release|iPhone.Build.0 = Release|Any CPU
		{DA18DF2F-D6CA-4CFF-99D8-4A6FDEB3D74F}.Release|iPhoneSimulator.ActiveCfg = Release|Any CPU
		{DA18DF2F-D6CA-4CFF-99D8-4A6FDEB3D74F}.Release|iPhoneSimulator.Build.0 = Release|Any CPU
		{DA18DF2F-D6CA-4CFF-99D8-4A6FDEB3D74F}.Debug|iPhone.ActiveCfg = Debug|Any CPU
		{DA18DF2F-D6CA-4CFF-99D8-4A6FDEB3D74F}.Debug|iPhone.Build.0 = Debug|Any CPU
		{DA18DF2F-D6CA-4CFF-99D8-4A6FDEB3D74F}.Debug|Any CPU.ActiveCfg = Debug|Any CPU
		{DA18DF2F-D6CA-4CFF-99D8-4A6FDEB3D74F}.Debug|Any CPU.Build.0 = Debug|Any CPU
		{DA18DF2F-D6CA-4CFF-99D8-4A6FDEB3D74F}.Release|Any CPU.ActiveCfg = Release|Any CPU
		{DA18DF2F-D6CA-4CFF-99D8-4A6FDEB3D74F}.Release|Any CPU.Build.0 = Release|Any CPU
	EndGlobalSection
EndGlobal
